// !$*UTF8*$!
{
	archiveVersion = 1;
	classes = {
	};
	objectVersion = 50;
	objects = {

/* Begin PBXBuildFile section */
		BBB40EFD2562B81600C41C52 /* AppDelegate.swift in Sources */ = {isa = PBXBuildFile; fileRef = BBB40EFC2562B81600C41C52 /* AppDelegate.swift */; };
		BBB40EFF2562B81600C41C52 /* SceneDelegate.swift in Sources */ = {isa = PBXBuildFile; fileRef = BBB40EFE2562B81600C41C52 /* SceneDelegate.swift */; };
		BBB40F042562B81600C41C52 /* Main.storyboard in Resources */ = {isa = PBXBuildFile; fileRef = BBB40F022562B81600C41C52 /* Main.storyboard */; };
		BBB40F062562B81700C41C52 /* Assets.xcassets in Resources */ = {isa = PBXBuildFile; fileRef = BBB40F052562B81700C41C52 /* Assets.xcassets */; };
		BBB40F092562B81700C41C52 /* LaunchScreen.storyboard in Resources */ = {isa = PBXBuildFile; fileRef = BBB40F072562B81700C41C52 /* LaunchScreen.storyboard */; };
		BBB40F132562B8CC00C41C52 /* Protocols.swift in Sources */ = {isa = PBXBuildFile; fileRef = BBB40F122562B8CC00C41C52 /* Protocols.swift */; };
		BBB40F1A2562BA0B00C41C52 /* MainContainer.swift in Sources */ = {isa = PBXBuildFile; fileRef = BBB40F192562BA0B00C41C52 /* MainContainer.swift */; };
		BBB40F1D2562BA1C00C41C52 /* HomePageController.swift in Sources */ = {isa = PBXBuildFile; fileRef = BBB40F1C2562BA1C00C41C52 /* HomePageController.swift */; };
		BBB40F202562BA2500C41C52 /* SideMenuController.swift in Sources */ = {isa = PBXBuildFile; fileRef = BBB40F1F2562BA2500C41C52 /* SideMenuController.swift */; };
/* End PBXBuildFile section */

/* Begin PBXFileReference section */
		BBB40EF92562B81600C41C52 /* SideMenuFeature.app */ = {isa = PBXFileReference; explicitFileType = wrapper.application; includeInIndex = 0; path = SideMenuFeature.app; sourceTree = BUILT_PRODUCTS_DIR; };
		BBB40EFC2562B81600C41C52 /* AppDelegate.swift */ = {isa = PBXFileReference; lastKnownFileType = sourcecode.swift; path = AppDelegate.swift; sourceTree = "<group>"; };
		BBB40EFE2562B81600C41C52 /* SceneDelegate.swift */ = {isa = PBXFileReference; lastKnownFileType = sourcecode.swift; path = SceneDelegate.swift; sourceTree = "<group>"; };
		BBB40F032562B81600C41C52 /* Base */ = {isa = PBXFileReference; lastKnownFileType = file.storyboard; name = Base; path = Base.lproj/Main.storyboard; sourceTree = "<group>"; };
		BBB40F052562B81700C41C52 /* Assets.xcassets */ = {isa = PBXFileReference; lastKnownFileType = folder.assetcatalog; path = Assets.xcassets; sourceTree = "<group>"; };
		BBB40F082562B81700C41C52 /* Base */ = {isa = PBXFileReference; lastKnownFileType = file.storyboard; name = Base; path = Base.lproj/LaunchScreen.storyboard; sourceTree = "<group>"; };
		BBB40F0A2562B81700C41C52 /* Info.plist */ = {isa = PBXFileReference; lastKnownFileType = text.plist.xml; path = Info.plist; sourceTree = "<group>"; };
		BBB40F122562B8CC00C41C52 /* Protocols.swift */ = {isa = PBXFileReference; lastKnownFileType = sourcecode.swift; path = Protocols.swift; sourceTree = "<group>"; };
		BBB40F192562BA0B00C41C52 /* MainContainer.swift */ = {isa = PBXFileReference; lastKnownFileType = sourcecode.swift; path = MainContainer.swift; sourceTree = "<group>"; };
		BBB40F1C2562BA1C00C41C52 /* HomePageController.swift */ = {isa = PBXFileReference; lastKnownFileType = sourcecode.swift; path = HomePageController.swift; sourceTree = "<group>"; };
		BBB40F1F2562BA2500C41C52 /* SideMenuController.swift */ = {isa = PBXFileReference; lastKnownFileType = sourcecode.swift; path = SideMenuController.swift; sourceTree = "<group>"; };
/* End PBXFileReference section */

/* Begin PBXFrameworksBuildPhase section */
		BBB40EF62562B81600C41C52 /* Frameworks */ = {
			isa = PBXFrameworksBuildPhase;
			buildActionMask = 2147483647;
			files = (
			);
			runOnlyForDeploymentPostprocessing = 0;
		};
/* End PBXFrameworksBuildPhase section */

/* Begin PBXGroup section */
		BBB40EF02562B81600C41C52 = {
			isa = PBXGroup;
			children = (
				BBB40EFB2562B81600C41C52 /* SideMenuFeature */,
				BBB40EFA2562B81600C41C52 /* Products */,
			);
			sourceTree = "<group>";
		};
		BBB40EFA2562B81600C41C52 /* Products */ = {
			isa = PBXGroup;
			children = (
				BBB40EF92562B81600C41C52 /* SideMenuFeature.app */,
			);
			name = Products;
			sourceTree = "<group>";
		};
		BBB40EFB2562B81600C41C52 /* SideMenuFeature */ = {
			isa = PBXGroup;
			children = (
				BBB40F182562B96E00C41C52 /* View */,
				BBB40F172562B96800C41C52 /* Controller */,
				BBB40EFC2562B81600C41C52 /* AppDelegate.swift */,
				BBB40EFE2562B81600C41C52 /* SceneDelegate.swift */,
				BBB40F022562B81600C41C52 /* Main.storyboard */,
				BBB40F052562B81700C41C52 /* Assets.xcassets */,
				BBB40F072562B81700C41C52 /* LaunchScreen.storyboard */,
				BBB40F0A2562B81700C41C52 /* Info.plist */,
				BBB40F152562B8D100C41C52 /* Helper */,
			);
			path = SideMenuFeature;
			sourceTree = "<group>";
		};
		BBB40F152562B8D100C41C52 /* Helper */ = {
			isa = PBXGroup;
			children = (
				BBB40F122562B8CC00C41C52 /* Protocols.swift */,
			);
			path = Helper;
			sourceTree = "<group>";
		};
		BBB40F172562B96800C41C52 /* Controller */ = {
			isa = PBXGroup;
			children = (
				BBB40F192562BA0B00C41C52 /* MainContainer.swift */,
				BBB40F1C2562BA1C00C41C52 /* HomePageController.swift */,
				BBB40F1F2562BA2500C41C52 /* SideMenuController.swift */,
			);
			path = Controller;
			sourceTree = "<group>";
		};
		BBB40F182562B96E00C41C52 /* View */ = {
			isa = PBXGroup;
			children = (
			);
			path = View;
			sourceTree = "<group>";
		};
/* End PBXGroup section */

/* Begin PBXNativeTarget section */
		BBB40EF82562B81600C41C52 /* SideMenuFeature */ = {
			isa = PBXNativeTarget;
			buildConfigurationList = BBB40F0D2562B81700C41C52 /* Build configuration list for PBXNativeTarget "SideMenuFeature" */;
			buildPhases = (
				BBB40EF52562B81600C41C52 /* Sources */,
				BBB40EF62562B81600C41C52 /* Frameworks */,
				BBB40EF72562B81600C41C52 /* Resources */,
			);
			buildRules = (
			);
			dependencies = (
			);
			name = SideMenuFeature;
			productName = SideMenuFeature;
			productReference = BBB40EF92562B81600C41C52 /* SideMenuFeature.app */;
			productType = "com.apple.product-type.application";
		};
/* End PBXNativeTarget section */

/* Begin PBXProject section */
		BBB40EF12562B81600C41C52 /* Project object */ = {
			isa = PBXProject;
			attributes = {
				LastSwiftUpdateCheck = 1200;
				LastUpgradeCheck = 1200;
				TargetAttributes = {
					BBB40EF82562B81600C41C52 = {
						CreatedOnToolsVersion = 12.0.1;
					};
				};
			};
			buildConfigurationList = BBB40EF42562B81600C41C52 /* Build configuration list for PBXProject "SideMenuFeature" */;
			compatibilityVersion = "Xcode 9.3";
			developmentRegion = en;
			hasScannedForEncodings = 0;
			knownRegions = (
				en,
				Base,
			);
			mainGroup = BBB40EF02562B81600C41C52;
			productRefGroup = BBB40EFA2562B81600C41C52 /* Products */;
			projectDirPath = "";
			projectRoot = "";
			targets = (
				BBB40EF82562B81600C41C52 /* SideMenuFeature */,
			);
		};
/* End PBXProject section */

/* Begin PBXResourcesBuildPhase section */
		BBB40EF72562B81600C41C52 /* Resources */ = {
			isa = PBXResourcesBuildPhase;
			buildActionMask = 2147483647;
			files = (
				BBB40F092562B81700C41C52 /* LaunchScreen.storyboard in Resources */,
				BBB40F062562B81700C41C52 /* Assets.xcassets in Resources */,
				BBB40F042562B81600C41C52 /* Main.storyboard in Resources */,
			);
			runOnlyForDeploymentPostprocessing = 0;
		};
/* End PBXResourcesBuildPhase section */

/* Begin PBXSourcesBuildPhase section */
		BBB40EF52562B81600C41C52 /* Sources */ = {
			isa = PBXSourcesBuildPhase;
			buildActionMask = 2147483647;
			files = (
				BBB40F132562B8CC00C41C52 /* Protocols.swift in Sources */,
				BBB40F202562BA2500C41C52 /* SideMenuController.swift in Sources */,
				BBB40F1D2562BA1C00C41C52 /* HomePageController.swift in Sources */,
				BBB40EFD2562B81600C41C52 /* AppDelegate.swift in Sources */,
				BBB40F1A2562BA0B00C41C52 /* MainContainer.swift in Sources */,
				BBB40EFF2562B81600C41C52 /* SceneDelegate.swift in Sources */,
			);
			runOnlyForDeploymentPostprocessing = 0;
		};
/* End PBXSourcesBuildPhase section */

/* Begin PBXVariantGroup section */
		BBB40F022562B81600C41C52 /* Main.storyboard */ = {
			isa = PBXVariantGroup;
			children = (
				BBB40F032562B81600C41C52 /* Base */,
			);
			name = Main.storyboard;
			sourceTree = "<group>";
		};
		BBB40F072562B81700C41C52 /* LaunchScreen.storyboard */ = {
			isa = PBXVariantGroup;
			children = (
				BBB40F082562B81700C41C52 /* Base */,
			);
			name = LaunchScreen.storyboard;
			sourceTree = "<group>";
		};
/* End PBXVariantGroup section */

/* Begin XCBuildConfiguration section */
		BBB40F0B2562B81700C41C52 /* Debug */ = {
			isa = XCBuildConfiguration;
			buildSettings = {
				ALWAYS_SEARCH_USER_PATHS = NO;
				CLANG_ANALYZER_NONNULL = YES;
				CLANG_ANALYZER_NUMBER_OBJECT_CONVERSION = YES_AGGRESSIVE;
				CLANG_CXX_LANGUAGE_STANDARD = "gnu++14";
				CLANG_CXX_LIBRARY = "libc++";
				CLANG_ENABLE_MODULES = YES;
				CLANG_ENABLE_OBJC_ARC = YES;
				CLANG_ENABLE_OBJC_WEAK = YES;
				CLANG_WARN_BLOCK_CAPTURE_AUTORELEASING = YES;
				CLANG_WARN_BOOL_CONVERSION = YES;
				CLANG_WARN_COMMA = YES;
				CLANG_WARN_CONSTANT_CONVERSION = YES;
				CLANG_WARN_DEPRECATED_OBJC_IMPLEMENTATIONS = YES;
				CLANG_WARN_DIRECT_OBJC_ISA_USAGE = YES_ERROR;
				CLANG_WARN_DOCUMENTATION_COMMENTS = YES;
				CLANG_WARN_EMPTY_BODY = YES;
				CLANG_WARN_ENUM_CONVERSION = YES;
				CLANG_WARN_INFINITE_RECURSION = YES;
				CLANG_WARN_INT_CONVERSION = YES;
				CLANG_WARN_NON_LITERAL_NULL_CONVERSION = YES;
				CLANG_WARN_OBJC_IMPLICIT_RETAIN_SELF = YES;
				CLANG_WARN_OBJC_LITERAL_CONVERSION = YES;
				CLANG_WARN_OBJC_ROOT_CLASS = YES_ERROR;
				CLANG_WARN_QUOTED_INCLUDE_IN_FRAMEWORK_HEADER = YES;
				CLANG_WARN_RANGE_LOOP_ANALYSIS = YES;
				CLANG_WARN_STRICT_PROTOTYPES = YES;
				CLANG_WARN_SUSPICIOUS_MOVE = YES;
				CLANG_WARN_UNGUARDED_AVAILABILITY = YES_AGGRESSIVE;
				CLANG_WARN_UNREACHABLE_CODE = YES;
				CLANG_WARN__DUPLICATE_METHOD_MATCH = YES;
				COPY_PHASE_STRIP = NO;
				DEBUG_INFORMATION_FORMAT = dwarf;
				ENABLE_STRICT_OBJC_MSGSEND = YES;
				ENABLE_TESTABILITY = YES;
				GCC_C_LANGUAGE_STANDARD = gnu11;
				GCC_DYNAMIC_NO_PIC = NO;
				GCC_NO_COMMON_BLOCKS = YES;
				GCC_OPTIMIZATION_LEVEL = 0;
				GCC_PREPROCESSOR_DEFINITIONS = (
					"DEBUG=1",
					"$(inherited)",
				);
				GCC_WARN_64_TO_32_BIT_CONVERSION = YES;
				GCC_WARN_ABOUT_RETURN_TYPE = YES_ERROR;
				GCC_WARN_UNDECLARED_SELECTOR = YES;
				GCC_WARN_UNINITIALIZED_AUTOS = YES_AGGRESSIVE;
				GCC_WARN_UNUSED_FUNCTION = YES;
				GCC_WARN_UNUSED_VARIABLE = YES;
				IPHONEOS_DEPLOYMENT_TARGET = 14.0;
				MTL_ENABLE_DEBUG_INFO = INCLUDE_SOURCE;
				MTL_FAST_MATH = YES;
				ONLY_ACTIVE_ARCH = YES;
				SDKROOT = iphoneos;
				SWIFT_ACTIVE_COMPILATION_CONDITIONS = DEBUG;
				SWIFT_OPTIMIZATION_LEVEL = "-Onone";
			};
			name = Debug;
		};
		BBB40F0C2562B81700C41C52 /* Release */ = {
			isa = XCBuildConfiguration;
			buildSettings = {
				ALWAYS_SEARCH_USER_PATHS = NO;
				CLANG_ANALYZER_NONNULL = YES;
				CLANG_ANALYZER_NUMBER_OBJECT_CONVERSION = YES_AGGRESSIVE;
				CLANG_CXX_LANGUAGE_STANDARD = "gnu++14";
				CLANG_CXX_LIBRARY = "libc++";
				CLANG_ENABLE_MODULES = YES;
				CLANG_ENABLE_OBJC_ARC = YES;
				CLANG_ENABLE_OBJC_WEAK = YES;
				CLANG_WARN_BLOCK_CAPTURE_AUTORELEASING = YES;
				CLANG_WARN_BOOL_CONVERSION = YES;
				CLANG_WARN_COMMA = YES;
				CLANG_WARN_CONSTANT_CONVERSION = YES;
				CLANG_WARN_DEPRECATED_OBJC_IMPLEMENTATIONS = YES;
				CLANG_WARN_DIRECT_OBJC_ISA_USAGE = YES_ERROR;
				CLANG_WARN_DOCUMENTATION_COMMENTS = YES;
				CLANG_WARN_EMPTY_BODY = YES;
				CLANG_WARN_ENUM_CONVERSION = YES;
				CLANG_WARN_INFINITE_RECURSION = YES;
				CLANG_WARN_INT_CONVERSION = YES;
				CLANG_WARN_NON_LITERAL_NULL_CONVERSION = YES;
				CLANG_WARN_OBJC_IMPLICIT_RETAIN_SELF = YES;
				CLANG_WARN_OBJC_LITERAL_CONVERSION = YES;
				CLANG_WARN_OBJC_ROOT_CLASS = YES_ERROR;
				CLANG_WARN_QUOTED_INCLUDE_IN_FRAMEWORK_HEADER = YES;
				CLANG_WARN_RANGE_LOOP_ANALYSIS = YES;
				CLANG_WARN_STRICT_PROTOTYPES = YES;
				CLANG_WARN_SUSPICIOUS_MOVE = YES;
				CLANG_WARN_UNGUARDED_AVAILABILITY = YES_AGGRESSIVE;
				CLANG_WARN_UNREACHABLE_CODE = YES;
				CLANG_WARN__DUPLICATE_METHOD_MATCH = YES;
				COPY_PHASE_STRIP = NO;
				DEBUG_INFORMATION_FORMAT = "dwarf-with-dsym";
				ENABLE_NS_ASSERTIONS = NO;
				ENABLE_STRICT_OBJC_MSGSEND = YES;
				GCC_C_LANGUAGE_STANDARD = gnu11;
				GCC_NO_COMMON_BLOCKS = YES;
				GCC_WARN_64_TO_32_BIT_CONVERSION = YES;
				GCC_WARN_ABOUT_RETURN_TYPE = YES_ERROR;
				GCC_WARN_UNDECLARED_SELECTOR = YES;
				GCC_WARN_UNINITIALIZED_AUTOS = YES_AGGRESSIVE;
				GCC_WARN_UNUSED_FUNCTION = YES;
				GCC_WARN_UNUSED_VARIABLE = YES;
				IPHONEOS_DEPLOYMENT_TARGET = 14.0;
				MTL_ENABLE_DEBUG_INFO = NO;
				MTL_FAST_MATH = YES;
				SDKROOT = iphoneos;
				SWIFT_COMPILATION_MODE = wholemodule;
				SWIFT_OPTIMIZATION_LEVEL = "-O";
				VALIDATE_PRODUCT = YES;
			};
			name = Release;
		};
		BBB40F0E2562B81700C41C52 /* Debug */ = {
			isa = XCBuildConfiguration;
			buildSettings = {
				ASSETCATALOG_COMPILER_APPICON_NAME = AppIcon;
				ASSETCATALOG_COMPILER_GLOBAL_ACCENT_COLOR_NAME = AccentColor;
				CODE_SIGN_STYLE = Automatic;
				DEVELOPMENT_TEAM = ZLCFP6QUVG;
				INFOPLIST_FILE = SideMenuFeature/Info.plist;
				LD_RUNPATH_SEARCH_PATHS = (
					"$(inherited)",
					"@executable_path/Frameworks",
				);
				PRODUCT_BUNDLE_IDENTIFIER = com.joeV.SideMenuFeature;
				PRODUCT_NAME = "$(TARGET_NAME)";
				SWIFT_VERSION = 5.0;
				TARGETED_DEVICE_FAMILY = "1,2";
			};
			name = Debug;
		};
		BBB40F0F2562B81700C41C52 /* Release */ = {
			isa = XCBuildConfiguration;
			buildSettings = {
				ASSETCATALOG_COMPILER_APPICON_NAME = AppIcon;
				ASSETCATALOG_COMPILER_GLOBAL_ACCENT_COLOR_NAME = AccentColor;
				CODE_SIGN_STYLE = Automatic;
				DEVELOPMENT_TEAM = ZLCFP6QUVG;
				INFOPLIST_FILE = SideMenuFeature/Info.plist;
				LD_RUNPATH_SEARCH_PATHS = (
					"$(inherited)",
					"@executable_path/Frameworks",
				);
				PRODUCT_BUNDLE_IDENTIFIER = com.joeV.SideMenuFeature;
				PRODUCT_NAME = "$(TARGET_NAME)";
				SWIFT_VERSION = 5.0;
				TARGETED_DEVICE_FAMILY = "1,2";
			};
			name = Release;
		};
/* End XCBuildConfiguration section */

/* Begin XCConfigurationList section */
		BBB40EF42562B81600C41C52 /* Build configuration list for PBXProject "SideMenuFeature" */ = {
			isa = XCConfigurationList;
			buildConfigurations = (
				BBB40F0B2562B81700C41C52 /* Debug */,
				BBB40F0C2562B81700C41C52 /* Release */,
			);
			defaultConfigurationIsVisible = 0;
			defaultConfigurationName = Release;
		};
		BBB40F0D2562B81700C41C52 /* Build configuration list for PBXNativeTarget "SideMenuFeature" */ = {
			isa = XCConfigurationList;
			buildConfigurations = (
				BBB40F0E2562B81700C41C52 /* Debug */,
				BBB40F0F2562B81700C41C52 /* Release */,
			);
			defaultConfigurationIsVisible = 0;
			defaultConfigurationName = Release;
		};
/* End XCConfigurationList section */
	};
	rootObject = BBB40EF12562B81600C41C52 /* Project object */;
}
